github.com/Tnze/go-mc v1.20.2 h1:arHCE/WxLCxY73C/4ZNLdOymRYtdwoXE05ohB7HVN6Q=
github.com/Tnze/go-mc v1.20.2/go.mod h1:geoRj2HsXSkB3FJBuhr7wCzXegRlzWsVXd7h7jiJ6aQ=
github.com/elvis972602/go-litematica-tools v0.0.0-20231113082124-dea517c3f138 h1:ffdUh6dj1jAUrBH0U5PrUv9+0XSHMXeidX0kSFk4+I4=
github.com/elvis972602/go-litematica-tools v0.0.0-20231113082124-dea517c3f138/go.mod h1:7No45ubyNXb0mml0YnIw7D1V69d0Bia3pz2eg5iIl30=
gopkg.in/check.v1 v0.0.0-20161208181325-20d25e280405/go.mod h1:Co6ibVJAznAaIkqp8huTwlJQCZ016jof/cbN4VW5Yz0=
gopkg.in/yaml.v3 v3.0.1 h1:fxVm/GzAzEWqLHuvctI91KS9hhNmmWOoWu0XTYJS7CA=
gopkg.in/yaml.v3 v3.0.1/go.mod h1:K4uyk7z7BCEPqu6E+C64Yfv1cQ7kz7rIZviUmN+EgEM=
